Microsoft Visual Studio Solution File, Format Version 12.00
# Visual Studio Version 17
VisualStudioVersion = 17.5.2.0
MinimumVisualStudioVersion = 10.0.40219.1
Project("{FAE04EC0-301F-11D3-BF4B-00C04F79EFBC}") = "fiap-3espr-csharp-sprint1", "fiap-3espr-csharp-sprint1.csproj", "{003469AA-EC05-2F3B-9216-F1D2523AB82C}"
EndProject
Global
	GlobalSection(SolutionConfigurationPlatforms) = preSolution
		Debug|Any CPU = Debug|Any CPU
		Release|Any CPU = Release|Any CPU
	EndGlobalSection
	GlobalSection(ProjectConfigurationPlatforms) = postSolution
		{003469AA-EC05-2F3B-9216-F1D2523AB82C}.Debug|Any CPU.ActiveCfg = Debug|Any CPU
		{003469AA-EC05-2F3B-9216-F1D2523AB82C}.Debug|Any CPU.Build.0 = Debug|Any CPU
		{003469AA-EC05-2F3B-9216-F1D2523AB82C}.Release|Any CPU.ActiveCfg = Release|Any CPU
		{003469AA-EC05-2F3B-9216-F1D2523AB82C}.Release|Any CPU.Build.0 = Release|Any CPU
	EndGlobalSection
	GlobalSection(SolutionProperties) = preSolution
		HideSolutionNode = FALSE
	EndGlobalSection
	GlobalSection(ExtensibilityGlobals) = postSolution
		SolutionGuid = {174E93F6-53B5-451B-AD3C-A53175AFC874}
	EndGlobalSection
EndGlobal
